// !$*UTF8*$!
{
	archiveVersion = 1;
	classes = {
	};
	objectVersion = 46;
	objects = {

/* Begin PBXBuildFile section */
		4669D97A1DEB2BC700E6EDFD /* AppDelegate.swift in Sources */ = {isa = PBXBuildFile; fileRef = 4669D9791DEB2BC700E6EDFD /* AppDelegate.swift */; };
		4669D97C1DEB2BC700E6EDFD /* ViewController.swift in Sources */ = {isa = PBXBuildFile; fileRef = 4669D97B1DEB2BC700E6EDFD /* ViewController.swift */; };
		4669D97F1DEB2BC700E6EDFD /* Main.storyboard in Resources */ = {isa = PBXBuildFile; fileRef = 4669D97D1DEB2BC700E6EDFD /* Main.storyboard */; };
		4669D9811DEB2BC700E6EDFD /* Assets.xcassets in Resources */ = {isa = PBXBuildFile; fileRef = 4669D9801DEB2BC700E6EDFD /* Assets.xcassets */; };
		4669D9841DEB2BC700E6EDFD /* LaunchScreen.storyboard in Resources */ = {isa = PBXBuildFile; fileRef = 4669D9821DEB2BC700E6EDFD /* LaunchScreen.storyboard */; };
		4669D98F1DEB44B600E6EDFD /* CoreLocation.framework in Frameworks */ = {isa = PBXBuildFile; fileRef = 4669D98E1DEB44B600E6EDFD /* CoreLocation.framework */; };
		4669D9911DEB4F2700E6EDFD /* DateViewController.swift in Sources */ = {isa = PBXBuildFile; fileRef = 4669D9901DEB4F2700E6EDFD /* DateViewController.swift */; };
		4669D9951DEB625C00E6EDFD /* OverviewViewController.swift in Sources */ = {isa = PBXBuildFile; fileRef = 4669D9941DEB625C00E6EDFD /* OverviewViewController.swift */; };
/* End PBXBuildFile section */

/* Begin PBXFileReference section */
		4669D9761DEB2BC700E6EDFD /* 1st_assignment.app */ = {isa = PBXFileReference; explicitFileType = wrapper.application; includeInIndex = 0; path = 1st_assignment.app; sourceTree = BUILT_PRODUCTS_DIR; };
		4669D9791DEB2BC700E6EDFD /* AppDelegate.swift */ = {isa = PBXFileReference; lastKnownFileType = sourcecode.swift; path = AppDelegate.swift; sourceTree = "<group>"; };
		4669D97B1DEB2BC700E6EDFD /* ViewController.swift */ = {isa = PBXFileReference; lastKnownFileType = sourcecode.swift; path = ViewController.swift; sourceTree = "<group>"; };
		4669D97E1DEB2BC700E6EDFD /* Base */ = {isa = PBXFileReference; lastKnownFileType = file.storyboard; name = Base; path = Base.lproj/Main.storyboard; sourceTree = "<group>"; };
		4669D9801DEB2BC700E6EDFD /* Assets.xcassets */ = {isa = PBXFileReference; lastKnownFileType = folder.assetcatalog; path = Assets.xcassets; sourceTree = "<group>"; };
		4669D9831DEB2BC700E6EDFD /* Base */ = {isa = PBXFileReference; lastKnownFileType = file.storyboard; name = Base; path = Base.lproj/LaunchScreen.storyboard; sourceTree = "<group>"; };
		4669D9851DEB2BC700E6EDFD /* Info.plist */ = {isa = PBXFileReference; lastKnownFileType = text.plist.xml; path = Info.plist; sourceTree = "<group>"; };
		4669D98E1DEB44B600E6EDFD /* CoreLocation.framework */ = {isa = PBXFileReference; lastKnownFileType = wrapper.framework; name = CoreLocation.framework; path = System/Library/Frameworks/CoreLocation.framework; sourceTree = SDKROOT; };
		4669D9901DEB4F2700E6EDFD /* DateViewController.swift */ = {isa = PBXFileReference; fileEncoding = 4; lastKnownFileType = sourcecode.swift; path = DateViewController.swift; sourceTree = "<group>"; };
		4669D9941DEB625C00E6EDFD /* OverviewViewController.swift */ = {isa = PBXFileReference; fileEncoding = 4; lastKnownFileType = sourcecode.swift; path = OverviewViewController.swift; sourceTree = "<group>"; };
/* End PBXFileReference section */

/* Begin PBXFrameworksBuildPhase section */
		4669D9731DEB2BC700E6EDFD /* Frameworks */ = {
			isa = PBXFrameworksBuildPhase;
			buildActionMask = 2147483647;
			files = (
				4669D98F1DEB44B600E6EDFD /* CoreLocation.framework in Frameworks */,
			);
			runOnlyForDeploymentPostprocessing = 0;
		};
/* End PBXFrameworksBuildPhase section */

/* Begin PBXGroup section */
		4669D96D1DEB2BC700E6EDFD = {
			isa = PBXGroup;
			children = (
				4669D9781DEB2BC700E6EDFD /* 1st_assignment */,
				4669D9771DEB2BC700E6EDFD /* Products */,
				4669D98B1DEB43D000E6EDFD /* Frameworks */,
			);
			sourceTree = "<group>";
		};
		4669D9771DEB2BC700E6EDFD /* Products */ = {
			isa = PBXGroup;
			children = (
				4669D9761DEB2BC700E6EDFD /* 1st_assignment.app */,
			);
			name = Products;
			sourceTree = "<group>";
		};
		4669D9781DEB2BC700E6EDFD /* 1st_assignment */ = {
			isa = PBXGroup;
			children = (
				4669D9791DEB2BC700E6EDFD /* AppDelegate.swift */,
				4669D97B1DEB2BC700E6EDFD /* ViewController.swift */,
				4669D97D1DEB2BC700E6EDFD /* Main.storyboard */,
				4669D9801DEB2BC700E6EDFD /* Assets.xcassets */,
				4669D9821DEB2BC700E6EDFD /* LaunchScreen.storyboard */,
				4669D9851DEB2BC700E6EDFD /* Info.plist */,
				4669D9901DEB4F2700E6EDFD /* DateViewController.swift */,
				4669D9941DEB625C00E6EDFD /* OverviewViewController.swift */,
			);
			path = 1st_assignment;
			sourceTree = "<group>";
		};
		4669D98B1DEB43D000E6EDFD /* Frameworks */ = {
			isa = PBXGroup;
			children = (
				4669D98E1DEB44B600E6EDFD /* CoreLocation.framework */,
			);
			name = Frameworks;
			sourceTree = "<group>";
		};
/* End PBXGroup section */

/* Begin PBXNativeTarget section */
		4669D9751DEB2BC700E6EDFD /* 1st_assignment */ = {
			isa = PBXNativeTarget;
			buildConfigurationList = 4669D9881DEB2BC800E6EDFD /* Build configuration list for PBXNativeTarget "1st_assignment" */;
			buildPhases = (
				4669D9721DEB2BC700E6EDFD /* Sources */,
				4669D9731DEB2BC700E6EDFD /* Frameworks */,
				4669D9741DEB2BC700E6EDFD /* Resources */,
			);
			buildRules = (
			);
			dependencies = (
			);
			name = 1st_assignment;
			productName = 1st_assignment;
			productReference = 4669D9761DEB2BC700E6EDFD /* 1st_assignment.app */;
			productType = "com.apple.product-type.application";
		};
/* End PBXNativeTarget section */

/* Begin PBXProject section */
		4669D96E1DEB2BC700E6EDFD /* Project object */ = {
			isa = PBXProject;
			attributes = {
				LastSwiftUpdateCheck = 0800;
				LastUpgradeCheck = 0800;
				ORGANIZATIONNAME = kasia;
				TargetAttributes = {
					4669D9751DEB2BC700E6EDFD = {
						CreatedOnToolsVersion = 8.0;
						DevelopmentTeam = TXFSP9Z278;
						ProvisioningStyle = Automatic;
					};
				};
			};
			buildConfigurationList = 4669D9711DEB2BC700E6EDFD /* Build configuration list for PBXProject "1st_assignment" */;
			compatibilityVersion = "Xcode 3.2";
			developmentRegion = English;
			hasScannedForEncodings = 0;
			knownRegions = (
				en,
				Base,
			);
			mainGroup = 4669D96D1DEB2BC700E6EDFD;
			productRefGroup = 4669D9771DEB2BC700E6EDFD /* Products */;
			projectDirPath = "";
			projectRoot = "";
			targets = (
				4669D9751DEB2BC700E6EDFD /* 1st_assignment */,
			);
		};
/* End PBXProject section */

/* Begin PBXResourcesBuildPhase section */
		4669D9741DEB2BC700E6EDFD /* Resources */ = {
			isa = PBXResourcesBuildPhase;
			buildActionMask = 2147483647;
			files = (
				4669D9841DEB2BC700E6EDFD /* LaunchScreen.storyboard in Resources */,
				4669D9811DEB2BC700E6EDFD /* Assets.xcassets in Resources */,
				4669D97F1DEB2BC700E6EDFD /* Main.storyboard in Resources */,
			);
			runOnlyForDeploymentPostprocessing = 0;
		};
/* End PBXResourcesBuildPhase section */

/* Begin PBXSourcesBuildPhase section */
		4669D9721DEB2BC700E6EDFD /* Sources */ = {
			isa = PBXSourcesBuildPhase;
			buildActionMask = 2147483647;
			files = (
				4669D97C1DEB2BC700E6EDFD /* ViewController.swift in Sources */,
				4669D9951DEB625C00E6EDFD /* OverviewViewController.swift in Sources */,
				4669D9911DEB4F2700E6EDFD /* DateViewController.swift in Sources */,
				4669D97A1DEB2BC700E6EDFD /* AppDelegate.swift in Sources */,
			);
			runOnlyForDeploymentPostprocessing = 0;
		};
/* End PBXSourcesBuildPhase section */

/* Begin PBXVariantGroup section */
		4669D97D1DEB2BC700E6EDFD /* Main.storyboard */ = {
			isa = PBXVariantGroup;
			children = (
				4669D97E1DEB2BC700E6EDFD /* Base */,
			);
			name = Main.storyboard;
			sourceTree = "<group>";
		};
		4669D9821DEB2BC700E6EDFD /* LaunchScreen.storyboard */ = {
			isa = PBXVariantGroup;
			children = (
				4669D9831DEB2BC700E6EDFD /* Base */,
			);
			name = LaunchScreen.storyboard;
			sourceTree = "<group>";
		};
/* End PBXVariantGroup section */

/* Begin XCBuildConfiguration section */
		4669D9861DEB2BC800E6EDFD /* Debug */ = {
			isa = XCBuildConfiguration;
			buildSettings = {
				ALWAYS_SEARCH_USER_PATHS = NO;
				CLANG_ANALYZER_NONNULL = YES;
				CLANG_CXX_LANGUAGE_STANDARD = "gnu++0x";
				CLANG_CXX_LIBRARY = "libc++";
				CLANG_ENABLE_MODULES = YES;
				CLANG_ENABLE_OBJC_ARC = YES;
				CLANG_WARN_BOOL_CONVERSION = YES;
				CLANG_WARN_CONSTANT_CONVERSION = YES;
				CLANG_WARN_DIRECT_OBJC_ISA_USAGE = YES_ERROR;
				CLANG_WARN_DOCUMENTATION_COMMENTS = YES;
				CLANG_WARN_EMPTY_BODY = YES;
				CLANG_WARN_ENUM_CONVERSION = YES;
				CLANG_WARN_INFINITE_RECURSION = YES;
				CLANG_WARN_INT_CONVERSION = YES;
				CLANG_WARN_OBJC_ROOT_CLASS = YES_ERROR;
				CLANG_WARN_SUSPICIOUS_MOVES = YES;
				CLANG_WARN_UNREACHABLE_CODE = YES;
				CLANG_WARN__DUPLICATE_METHOD_MATCH = YES;
				"CODE_SIGN_IDENTITY[sdk=iphoneos*]" = "iPhone Developer";
				COPY_PHASE_STRIP = NO;
				DEBUG_INFORMATION_FORMAT = dwarf;
				ENABLE_STRICT_OBJC_MSGSEND = YES;
				ENABLE_TESTABILITY = YES;
				GCC_C_LANGUAGE_STANDARD = gnu99;
				GCC_DYNAMIC_NO_PIC = NO;
				GCC_NO_COMMON_BLOCKS = YES;
				GCC_OPTIMIZATION_LEVEL = 0;
				GCC_PREPROCESSOR_DEFINITIONS = (
					"DEBUG=1",
					"$(inherited)",
				);
				GCC_WARN_64_TO_32_BIT_CONVERSION = YES;
				GCC_WARN_ABOUT_RETURN_TYPE = YES_ERROR;
				GCC_WARN_UNDECLARED_SELECTOR = YES;
				GCC_WARN_UNINITIALIZED_AUTOS = YES_AGGRESSIVE;
				GCC_WARN_UNUSED_FUNCTION = YES;
				GCC_WARN_UNUSED_VARIABLE = YES;
				IPHONEOS_DEPLOYMENT_TARGET = 10.0;
				MTL_ENABLE_DEBUG_INFO = YES;
				ONLY_ACTIVE_ARCH = YES;
				SDKROOT = iphoneos;
				SWIFT_ACTIVE_COMPILATION_CONDITIONS = DEBUG;
				SWIFT_OPTIMIZATION_LEVEL = "-Onone";
				TARGETED_DEVICE_FAMILY = "1,2";
			};
			name = Debug;
		};
		4669D9871DEB2BC800E6EDFD /* Release */ = {
			isa = XCBuildConfiguration;
			buildSettings = {
				ALWAYS_SEARCH_USER_PATHS = NO;
				CLANG_ANALYZER_NONNULL = YES;
				CLANG_CXX_LANGUAGE_STANDARD = "gnu++0x";
				CLANG_CXX_LIBRARY = "libc++";
				CLANG_ENABLE_MODULES = YES;
				CLANG_ENABLE_OBJC_ARC = YES;
				CLANG_WARN_BOOL_CONVERSION = YES;
				CLANG_WARN_CONSTANT_CONVERSION = YES;
				CLANG_WARN_DIRECT_OBJC_ISA_USAGE = YES_ERROR;
				CLANG_WARN_DOCUMENTATION_COMMENTS = YES;
				CLANG_WARN_EMPTY_BODY = YES;
				CLANG_WARN_ENUM_CONVERSION = YES;
				CLANG_WARN_INFINITE_RECURSION = YES;
				CLANG_WARN_INT_CONVERSION = YES;
				CLANG_WARN_OBJC_ROOT_CLASS = YES_ERROR;
				CLANG_WARN_SUSPICIOUS_MOVES = YES;
				CLANG_WARN_UNREACHABLE_CODE = YES;
				CLANG_WARN__DUPLICATE_METHOD_MATCH = YES;
				"CODE_SIGN_IDENTITY[sdk=iphoneos*]" = "iPhone Developer";
				COPY_PHASE_STRIP = NO;
				DEBUG_INFORMATION_FORMAT = "dwarf-with-dsym";
				ENABLE_NS_ASSERTIONS = NO;
				ENABLE_STRICT_OBJC_MSGSEND = YES;
				GCC_C_LANGUAGE_STANDARD = gnu99;
				GCC_NO_COMMON_BLOCKS = YES;
				GCC_WARN_64_TO_32_BIT_CONVERSION = YES;
				GCC_WARN_ABOUT_RETURN_TYPE = YES_ERROR;
				GCC_WARN_UNDECLARED_SELECTOR = YES;
				GCC_WARN_UNINITIALIZED_AUTOS = YES_AGGRESSIVE;
				GCC_WARN_UNUSED_FUNCTION = YES;
				GCC_WARN_UNUSED_VARIABLE = YES;
				IPHONEOS_DEPLOYMENT_TARGET = 10.0;
				MTL_ENABLE_DEBUG_INFO = NO;
				SDKROOT = iphoneos;
				SWIFT_OPTIMIZATION_LEVEL = "-Owholemodule";
				TARGETED_DEVICE_FAMILY = "1,2";
				VALIDATE_PRODUCT = YES;
			};
			name = Release;
		};
		4669D9891DEB2BC800E6EDFD /* Debug */ = {
			isa = XCBuildConfiguration;
			buildSettings = {
				ASSETCATALOG_COMPILER_APPICON_NAME = AppIcon;
				DEVELOPMENT_TEAM = TXFSP9Z278;
				INFOPLIST_FILE = 1st_assignment/Info.plist;
				LD_RUNPATH_SEARCH_PATHS = "$(inherited) @executable_path/Frameworks";
				PRODUCT_BUNDLE_IDENTIFIER = "kasia.-st-assignment";
				PRODUCT_NAME = "$(TARGET_NAME)";
				SWIFT_VERSION = 3.0;
			};
			name = Debug;
		};
		4669D98A1DEB2BC800E6EDFD /* Release */ = {
			isa = XCBuildConfiguration;
			buildSettings = {
				ASSETCATALOG_COMPILER_APPICON_NAME = AppIcon;
				DEVELOPMENT_TEAM = TXFSP9Z278;
				INFOPLIST_FILE = 1st_assignment/Info.plist;
				LD_RUNPATH_SEARCH_PATHS = "$(inherited) @executable_path/Frameworks";
				PRODUCT_BUNDLE_IDENTIFIER = "kasia.-st-assignment";
				PRODUCT_NAME = "$(TARGET_NAME)";
				SWIFT_VERSION = 3.0;
			};
			name = Release;
		};
/* End XCBuildConfiguration section */

/* Begin XCConfigurationList section */
		4669D9711DEB2BC700E6EDFD /* Build configuration list for PBXProject "1st_assignment" */ = {
			isa = XCConfigurationList;
			buildConfigurations = (
				4669D9861DEB2BC800E6EDFD /* Debug */,
				4669D9871DEB2BC800E6EDFD /* Release */,
			);
			defaultConfigurationIsVisible = 0;
			defaultConfigurationName = Release;
		};
		4669D9881DEB2BC800E6EDFD /* Build configuration list for PBXNativeTarget "1st_assignment" */ = {
			isa = XCConfigurationList;
			buildConfigurations = (
				4669D9891DEB2BC800E6EDFD /* Debug */,
				4669D98A1DEB2BC800E6EDFD /* Release */,
			);
			defaultConfigurationIsVisible = 0;
			defaultConfigurationName = Release;
		};
/* End XCConfigurationList section */
	};
	rootObject = 4669D96E1DEB2BC700E6EDFD /* Project object */;
}
